{
  "name": "js",
  "version": "1.0.0",
  "lockfileVersion": 3,
  "requires": true,
  "packages": {
    "": {
      "name": "js",
      "version": "1.0.0",
      "license": "ISC",
      "dependencies": {
        "node-self": "^1.0.2"
      }
    },
    "node_modules/node-self": {
      "version": "1.0.2",
      "resolved": "https://registry.npmjs.org/node-self/-/node-self-1.0.2.tgz",
      "integrity": "sha512-7oanohlazOw8RygP1OPmzAvJTLucwXKoioP4FMrzqnE6xUMM58i8aF18HDU0Hx5oxdsRLbmklieyjdNmvj1jHA==",
      "license": "MIT"
    }
  }
}
